
Microsoft Visual Studio Solution File, Format Version 12.00
# Visual Studio Version 17
VisualStudioVersion = 17.2.32526.322
MinimumVisualStudioVersion = 10.0.40219.1
Project("{FAE04EC0-301F-11D3-BF4B-00C04F79EFBC}") = "DZ-2m-9l", "DZ-2m-9l\DZ-2m-9l.csproj", "{89EE6AF5-B626-4FCD-BAEF-E57504175E75}"
EndProject
Global
	GlobalSection(SolutionConfigurationPlatforms) = preSolution
		Debug|Any CPU = Debug|Any CPU
		Release|Any CPU = Release|Any CPU
	EndGlobalSection
	GlobalSection(ProjectConfigurationPlatforms) = postSolution
		{89EE6AF5-B626-4FCD-BAEF-E57504175E75}.Debug|Any CPU.ActiveCfg = Debug|Any CPU
		{89EE6AF5-B626-4FCD-BAEF-E57504175E75}.Debug|Any CPU.Build.0 = Debug|Any CPU
		{89EE6AF5-B626-4FCD-BAEF-E57504175E75}.Release|Any CPU.ActiveCfg = Release|Any CPU
		{89EE6AF5-B626-4FCD-BAEF-E57504175E75}.Release|Any CPU.Build.0 = Release|Any CPU
	EndGlobalSection
	GlobalSection(SolutionProperties) = preSolution
		HideSolutionNode = FALSE
	EndGlobalSection
	GlobalSection(ExtensibilityGlobals) = postSolution
		SolutionGuid = {2376D535-83D5-4960-B65F-241314196D72}
	EndGlobalSection
EndGlobal
